
Microsoft Visual Studio Solution File, Format Version 12.00
# Visual Studio Version 16
VisualStudioVersion = 16.0.29009.5
MinimumVisualStudioVersion = 10.0.40219.1
Project("{FAE04EC0-301F-11D3-BF4B-00C04F79EFBC}") = "Motion Blocks", "Motion Blocks\Motion Blocks.csproj", "{061306FB-50B9-4766-9EC6-26E96ED07F87}"
EndProject
Global
	GlobalSection(SolutionConfigurationPlatforms) = preSolution
		Debug|Any CPU = Debug|Any CPU
		Release|Any CPU = Release|Any CPU
	EndGlobalSection
	GlobalSection(ProjectConfigurationPlatforms) = postSolution
		{061306FB-50B9-4766-9EC6-26E96ED07F87}.Debug|Any CPU.ActiveCfg = Debug|Any CPU
		{061306FB-50B9-4766-9EC6-26E96ED07F87}.Debug|Any CPU.Build.0 = Debug|Any CPU
		{061306FB-50B9-4766-9EC6-26E96ED07F87}.Release|Any CPU.ActiveCfg = Release|Any CPU
		{061306FB-50B9-4766-9EC6-26E96ED07F87}.Release|Any CPU.Build.0 = Release|Any CPU
	EndGlobalSection
	GlobalSection(SolutionProperties) = preSolution
		HideSolutionNode = FALSE
	EndGlobalSection
	GlobalSection(ExtensibilityGlobals) = postSolution
		SolutionGuid = {11C029CD-67A7-4466-B4D6-16F9E43BFE1D}
	EndGlobalSection
EndGlobal
